Microsoft Visual Studio Solution File, Format Version 8.00
Project("{8BC9CEB8-8B4A-11D0-8D11-00A0C91BC942}") = "basic", "basic.vcproj", "{945F9ACB-ADD5-4B2B-94C4-2404B6E90705}"
	ProjectSection(ProjectDependencies) = postProject
	EndProjectSection
EndProject
Global
	GlobalSection(SolutionConfiguration) = preSolution
		51JM128 Debug = 51JM128 Debug
		51JM128 Release = 51JM128 Release
		5211 Debug = 5211 Debug
		5211 Release = 5211 Release
		52221 Debug = 52221 Debug
		52221 Release = 52221 Release
		52233 Debug = 52233 Debug
		52233 Release = 52233 Release
		52259 Debug = 52259 Debug
		52259 Release = 52259 Release
		Badge Debug = Badge Debug
		Badge Release = Badge Release
	EndGlobalSection
	GlobalSection(ProjectDependencies) = postSolution
	EndGlobalSection
	GlobalSection(ProjectConfiguration) = postSolution
		{945F9ACB-ADD5-4B2B-94C4-2404B6E90705}.51JM128 Debug.ActiveCfg = 51JM128 Debug|Win32
		{945F9ACB-ADD5-4B2B-94C4-2404B6E90705}.51JM128 Debug.Build.0 = 51JM128 Debug|Win32
		{945F9ACB-ADD5-4B2B-94C4-2404B6E90705}.51JM128 Release.ActiveCfg = 51JM128 Release|Win32
		{945F9ACB-ADD5-4B2B-94C4-2404B6E90705}.51JM128 Release.Build.0 = 51JM128 Release|Win32
		{945F9ACB-ADD5-4B2B-94C4-2404B6E90705}.5211 Debug.ActiveCfg = 5211 Debug|Win32
		{945F9ACB-ADD5-4B2B-94C4-2404B6E90705}.5211 Debug.Build.0 = 5211 Debug|Win32
		{945F9ACB-ADD5-4B2B-94C4-2404B6E90705}.5211 Release.ActiveCfg = 5211 Release|Win32
		{945F9ACB-ADD5-4B2B-94C4-2404B6E90705}.5211 Release.Build.0 = 5211 Release|Win32
		{945F9ACB-ADD5-4B2B-94C4-2404B6E90705}.52221 Debug.ActiveCfg = 52221 Debug|Win32
		{945F9ACB-ADD5-4B2B-94C4-2404B6E90705}.52221 Debug.Build.0 = 52221 Debug|Win32
		{945F9ACB-ADD5-4B2B-94C4-2404B6E90705}.52221 Release.ActiveCfg = 52221 Release|Win32
		{945F9ACB-ADD5-4B2B-94C4-2404B6E90705}.52221 Release.Build.0 = 52221 Release|Win32
		{945F9ACB-ADD5-4B2B-94C4-2404B6E90705}.52233 Debug.ActiveCfg = 52233 Debug|Win32
		{945F9ACB-ADD5-4B2B-94C4-2404B6E90705}.52233 Debug.Build.0 = 52233 Debug|Win32
		{945F9ACB-ADD5-4B2B-94C4-2404B6E90705}.52233 Release.ActiveCfg = 52233 Release|Win32
		{945F9ACB-ADD5-4B2B-94C4-2404B6E90705}.52233 Release.Build.0 = 52233 Release|Win32
		{945F9ACB-ADD5-4B2B-94C4-2404B6E90705}.52259 Debug.ActiveCfg = 52259 Debug|Win32
		{945F9ACB-ADD5-4B2B-94C4-2404B6E90705}.52259 Debug.Build.0 = 52259 Debug|Win32
		{945F9ACB-ADD5-4B2B-94C4-2404B6E90705}.52259 Release.ActiveCfg = 52259 Release|Win32
		{945F9ACB-ADD5-4B2B-94C4-2404B6E90705}.52259 Release.Build.0 = 52259 Release|Win32
		{945F9ACB-ADD5-4B2B-94C4-2404B6E90705}.Badge Debug.ActiveCfg = Badge Debug|Win32
		{945F9ACB-ADD5-4B2B-94C4-2404B6E90705}.Badge Debug.Build.0 = Badge Debug|Win32
		{945F9ACB-ADD5-4B2B-94C4-2404B6E90705}.Badge Release.ActiveCfg = Badge Release|Win32
		{945F9ACB-ADD5-4B2B-94C4-2404B6E90705}.Badge Release.Build.0 = Badge Release|Win32
	EndGlobalSection
	GlobalSection(ExtensibilityGlobals) = postSolution
	EndGlobalSection
	GlobalSection(ExtensibilityAddIns) = postSolution
	EndGlobalSection
EndGlobal
